
Microsoft Visual Studio Solution File, Format Version 12.00
# Visual Studio Version 17
VisualStudioVersion = 17.13.35825.156 d17.13
MinimumVisualStudioVersion = 10.0.40219.1
Project("{FAE04EC0-301F-11D3-BF4B-00C04F79EFBC}") = "Demo.PL", "Demo.PL\Demo.PL.csproj", "{914320AD-A8CF-420C-8E61-39B0242590CD}"
EndProject
Project("{FAE04EC0-301F-11D3-BF4B-00C04F79EFBC}") = "Demo.BLL", "Demo.BLL\Demo.BLL.csproj", "{DFACDF32-F961-4845-96C3-ACD50BDF1171}"
EndProject
Project("{FAE04EC0-301F-11D3-BF4B-00C04F79EFBC}") = "Demo.DAL", "Demo.DAL\Demo.DAL.csproj", "{D286C280-C34B-4288-9AD4-B28388F00ED5}"
EndProject
Global
	GlobalSection(SolutionConfigurationPlatforms) = preSolution
		Debug|Any CPU = Debug|Any CPU
		Release|Any CPU = Release|Any CPU
	EndGlobalSection
	GlobalSection(ProjectConfigurationPlatforms) = postSolution
		{914320AD-A8CF-420C-8E61-39B0242590CD}.Debug|Any CPU.ActiveCfg = Debug|Any CPU
		{914320AD-A8CF-420C-8E61-39B0242590CD}.Debug|Any CPU.Build.0 = Debug|Any CPU
		{914320AD-A8CF-420C-8E61-39B0242590CD}.Release|Any CPU.ActiveCfg = Release|Any CPU
		{914320AD-A8CF-420C-8E61-39B0242590CD}.Release|Any CPU.Build.0 = Release|Any CPU
		{DFACDF32-F961-4845-96C3-ACD50BDF1171}.Debug|Any CPU.ActiveCfg = Debug|Any CPU
		{DFACDF32-F961-4845-96C3-ACD50BDF1171}.Debug|Any CPU.Build.0 = Debug|Any CPU
		{DFACDF32-F961-4845-96C3-ACD50BDF1171}.Release|Any CPU.ActiveCfg = Release|Any CPU
		{DFACDF32-F961-4845-96C3-ACD50BDF1171}.Release|Any CPU.Build.0 = Release|Any CPU
		{D286C280-C34B-4288-9AD4-B28388F00ED5}.Debug|Any CPU.ActiveCfg = Debug|Any CPU
		{D286C280-C34B-4288-9AD4-B28388F00ED5}.Debug|Any CPU.Build.0 = Debug|Any CPU
		{D286C280-C34B-4288-9AD4-B28388F00ED5}.Release|Any CPU.ActiveCfg = Release|Any CPU
		{D286C280-C34B-4288-9AD4-B28388F00ED5}.Release|Any CPU.Build.0 = Release|Any CPU
	EndGlobalSection
	GlobalSection(SolutionProperties) = preSolution
		HideSolutionNode = FALSE
	EndGlobalSection
	GlobalSection(ExtensibilityGlobals) = postSolution
		SolutionGuid = {D9B32047-0988-4A8A-94B3-D4795664A6E3}
	EndGlobalSection
EndGlobal
